
Microsoft Visual Studio Solution File, Format Version 12.00
# Visual Studio Version 17
VisualStudioVersion = 17.7.34024.191
MinimumVisualStudioVersion = 10.0.40219.1
Project("{FAE04EC0-301F-11D3-BF4B-00C04F79EFBC}") = "HW_WPF_200923", "HW_WPF_200923\HW_WPF_200923.csproj", "{BCD1F78E-AD9A-4B82-80F6-2EFCC80A9294}"
EndProject
Global
	GlobalSection(SolutionConfigurationPlatforms) = preSolution
		Debug|Any CPU = Debug|Any CPU
		Release|Any CPU = Release|Any CPU
	EndGlobalSection
	GlobalSection(ProjectConfigurationPlatforms) = postSolution
		{BCD1F78E-AD9A-4B82-80F6-2EFCC80A9294}.Debug|Any CPU.ActiveCfg = Debug|Any CPU
		{BCD1F78E-AD9A-4B82-80F6-2EFCC80A9294}.Debug|Any CPU.Build.0 = Debug|Any CPU
		{BCD1F78E-AD9A-4B82-80F6-2EFCC80A9294}.Release|Any CPU.ActiveCfg = Release|Any CPU
		{BCD1F78E-AD9A-4B82-80F6-2EFCC80A9294}.Release|Any CPU.Build.0 = Release|Any CPU
	EndGlobalSection
	GlobalSection(SolutionProperties) = preSolution
		HideSolutionNode = FALSE
	EndGlobalSection
	GlobalSection(ExtensibilityGlobals) = postSolution
		SolutionGuid = {BD41117E-9479-40E1-963B-8F568D2E5CB9}
	EndGlobalSection
EndGlobal
